
Microsoft Visual Studio Solution File, Format Version 12.00
# Visual Studio Version 17
VisualStudioVersion = 17.14.36414.22 d17.14
MinimumVisualStudioVersion = 10.0.40219.1
Project("{FAE04EC0-301F-11D3-BF4B-00C04F79EFBC}") = "Api", "Api\Api.csproj", "{54B132FA-8A4A-4D2B-B650-925FF8ED34E9}"
EndProject
Project("{FAE04EC0-301F-11D3-BF4B-00C04F79EFBC}") = "Infrastructure", "Infrastructure\Infrastructure.csproj", "{3B15B723-7DCF-49A0-9184-0D55DDFE5A5F}"
EndProject
Project("{FAE04EC0-301F-11D3-BF4B-00C04F79EFBC}") = "Domain", "Domain\Domain.csproj", "{E0C821F4-5748-48FC-B5C6-E5D2B0AE295D}"
EndProject
Project("{FAE04EC0-301F-11D3-BF4B-00C04F79EFBC}") = "Application", "Application\Application.csproj", "{963126CE-577A-4892-BDD0-F67208C3D33B}"
EndProject
Global
	GlobalSection(SolutionConfigurationPlatforms) = preSolution
		Debug|Any CPU = Debug|Any CPU
		Release|Any CPU = Release|Any CPU
	EndGlobalSection
	GlobalSection(ProjectConfigurationPlatforms) = postSolution
		{54B132FA-8A4A-4D2B-B650-925FF8ED34E9}.Debug|Any CPU.ActiveCfg = Debug|Any CPU
		{54B132FA-8A4A-4D2B-B650-925FF8ED34E9}.Debug|Any CPU.Build.0 = Debug|Any CPU
		{54B132FA-8A4A-4D2B-B650-925FF8ED34E9}.Release|Any CPU.ActiveCfg = Release|Any CPU
		{54B132FA-8A4A-4D2B-B650-925FF8ED34E9}.Release|Any CPU.Build.0 = Release|Any CPU
		{3B15B723-7DCF-49A0-9184-0D55DDFE5A5F}.Debug|Any CPU.ActiveCfg = Debug|Any CPU
		{3B15B723-7DCF-49A0-9184-0D55DDFE5A5F}.Debug|Any CPU.Build.0 = Debug|Any CPU
		{3B15B723-7DCF-49A0-9184-0D55DDFE5A5F}.Release|Any CPU.ActiveCfg = Release|Any CPU
		{3B15B723-7DCF-49A0-9184-0D55DDFE5A5F}.Release|Any CPU.Build.0 = Release|Any CPU
		{E0C821F4-5748-48FC-B5C6-E5D2B0AE295D}.Debug|Any CPU.ActiveCfg = Debug|Any CPU
		{E0C821F4-5748-48FC-B5C6-E5D2B0AE295D}.Debug|Any CPU.Build.0 = Debug|Any CPU
		{E0C821F4-5748-48FC-B5C6-E5D2B0AE295D}.Release|Any CPU.ActiveCfg = Release|Any CPU
		{E0C821F4-5748-48FC-B5C6-E5D2B0AE295D}.Release|Any CPU.Build.0 = Release|Any CPU
		{963126CE-577A-4892-BDD0-F67208C3D33B}.Debug|Any CPU.ActiveCfg = Debug|Any CPU
		{963126CE-577A-4892-BDD0-F67208C3D33B}.Debug|Any CPU.Build.0 = Debug|Any CPU
		{963126CE-577A-4892-BDD0-F67208C3D33B}.Release|Any CPU.ActiveCfg = Release|Any CPU
		{963126CE-577A-4892-BDD0-F67208C3D33B}.Release|Any CPU.Build.0 = Release|Any CPU
	EndGlobalSection
	GlobalSection(SolutionProperties) = preSolution
		HideSolutionNode = FALSE
	EndGlobalSection
	GlobalSection(ExtensibilityGlobals) = postSolution
		SolutionGuid = {821EBB95-6BEC-4006-9AAD-3C01508ACAFA}
	EndGlobalSection
EndGlobal
